{
    "version": 3,
    "terraform_version": "0.11.9",
    "serial": 14,
    "lineage": "219bb46c-b96a-83bf-4824-f2f40a9e58aa",
    "modules": [
        {
            "path": [
                "root"
            ],
            "outputs": {},
            "resources": {
                "digitalocean_droplet.mongo-test1": {
                    "type": "digitalocean_droplet",
                    "depends_on": [
                        "digitalocean_ssh_key.ins_default"
                    ],
                    "primary": {
                        "id": "144321928",
                        "attributes": {
                            "backups": "false",
                            "disk": "25",
                            "id": "144321928",
                            "image": "ubuntu-18-04-x64",
                            "ipv4_address": "138.68.88.100",
                            "ipv4_address_private": "",
                            "ipv6": "false",
                            "ipv6_address": "",
                            "ipv6_address_private": "",
                            "locked": "false",
                            "memory": "1024",
                            "monitoring": "false",
                            "name": "mongo-test1",
                            "price_hourly": "0.00744",
                            "price_monthly": "5",
                            "private_networking": "false",
                            "region": "fra1",
                            "resize_disk": "true",
                            "size": "s-1vcpu-1gb",
                            "ssh_keys.#": "1",
                            "ssh_keys.4108332407": "82:a7:3c:c6:22:72:db:a9:66:91:47:a1:bf:57:67:87",
                            "status": "active",
                            "tags.#": "0",
                            "urn": "do:droplet:144321928",
                            "vcpus": "1",
                            "volume_ids.#": "0"
                        },
                        "meta": {
                            "schema_version": "1"
                        },
                        "tainted": false
                    },
                    "deposed": [],
                    "provider": "provider.digitalocean"
                },
                "digitalocean_droplet.mongo-test2": {
                    "type": "digitalocean_droplet",
                    "depends_on": [
                        "digitalocean_ssh_key.ins_default"
                    ],
                    "primary": {
                        "id": "144321930",
                        "attributes": {
                            "backups": "false",
                            "disk": "25",
                            "id": "144321930",
                            "image": "ubuntu-18-04-x64",
                            "ipv4_address": "138.68.88.9",
                            "ipv4_address_private": "",
                            "ipv6": "false",
                            "ipv6_address": "",
                            "ipv6_address_private": "",
                            "locked": "false",
                            "memory": "1024",
                            "monitoring": "false",
                            "name": "mongo-test2",
                            "price_hourly": "0.00744",
                            "price_monthly": "5",
                            "private_networking": "false",
                            "region": "fra1",
                            "resize_disk": "true",
                            "size": "s-1vcpu-1gb",
                            "ssh_keys.#": "1",
                            "ssh_keys.4108332407": "82:a7:3c:c6:22:72:db:a9:66:91:47:a1:bf:57:67:87",
                            "status": "active",
                            "tags.#": "0",
                            "urn": "do:droplet:144321930",
                            "vcpus": "1",
                            "volume_ids.#": "0"
                        },
                        "meta": {
                            "schema_version": "1"
                        },
                        "tainted": false
                    },
                    "deposed": [],
                    "provider": "provider.digitalocean"
                },
                "digitalocean_droplet.mongo-test3": {
                    "type": "digitalocean_droplet",
                    "depends_on": [
                        "digitalocean_ssh_key.ins_default"
                    ],
                    "primary": {
                        "id": "144321929",
                        "attributes": {
                            "backups": "false",
                            "disk": "25",
                            "id": "144321929",
                            "image": "ubuntu-18-04-x64",
                            "ipv4_address": "138.68.88.89",
                            "ipv4_address_private": "",
                            "ipv6": "false",
                            "ipv6_address": "",
                            "ipv6_address_private": "",
                            "locked": "false",
                            "memory": "1024",
                            "monitoring": "false",
                            "name": "mongo-test3",
                            "price_hourly": "0.00744",
                            "price_monthly": "5",
                            "private_networking": "false",
                            "region": "fra1",
                            "resize_disk": "true",
                            "size": "s-1vcpu-1gb",
                            "ssh_keys.#": "1",
                            "ssh_keys.4108332407": "82:a7:3c:c6:22:72:db:a9:66:91:47:a1:bf:57:67:87",
                            "status": "active",
                            "tags.#": "0",
                            "urn": "do:droplet:144321929",
                            "vcpus": "1",
                            "volume_ids.#": "0"
                        },
                        "meta": {
                            "schema_version": "1"
                        },
                        "tainted": false
                    },
                    "deposed": [],
                    "provider": "provider.digitalocean"
                },
                "digitalocean_ssh_key.ins_default": {
                    "type": "digitalocean_ssh_key",
                    "depends_on": [],
                    "primary": {
                        "id": "24607117",
                        "attributes": {
                            "fingerprint": "82:a7:3c:c6:22:72:db:a9:66:91:47:a1:bf:57:67:87",
                            "id": "24607117",
                            "name": "InSales testcase",
                            "public_key": "ssh-rsa AAAAB3NzaC1yc2EAAAADAQABAAACAQC7BEOsR5qSeiLX+UDr2gi18BvPdOVn9MrrqTgdrvXkFXZcxBDGKa5sjRJNgLL3/ZY2pMOGTw33azrCl1lD7SToJH7wLXv/HBTFkGV7cmB6tnJZwWOMFYRrHSuFzFUPThi1FCA+LWFbLDMw7JAmYXJ6AMo8/nO8ro4Lq3NeODKTbjsy011JKi3nafcowsTk+Lf+kMW8P33Esg4u+J94cpnwr4QmetEiu73V7pl7Mq6tEGtQUtW/52312veOQh8wCDM9KJ9k6T3/oLt67NJ1M9+GpohLdwNlK211v+4Po1YCKZHYhbbY/hPU4sqEr3tbe8NDUdNO308dMZuNM20Q7YCq8NULPMayJZO/TexrBVm7Dhx7D2sSGNxrffik9HRZBwYdMu7KgWNiL/KkY2/91/BB4pK1Jx7AHjloOYmwMTdh3uxP+XWidj+lJLlz/m5PG8dOkyvuaeYtalChnpVYTpdjIDk1BNpq8QS9nDy2OsvoGbHRrxjjfrcNQBh86T6GUZOX7HPRgSMyKCTepOYZHGMnN6DU3xPIxs6pwtSOVkDPoL/F4Ui/6Y4WGibAsiASNubJTcDIX53slVul1hjHHT4SYbGTTM9wzTl69IS9/KWayB9X/ZMjzR2IEosBNaESPNdfzpVzG6ga5T/KZi2DPsyNCGf3djM63Utx7g1Gj/Ci+w== serega2780@ya.ru"
                        },
                        "meta": {},
                        "tainted": false
                    },
                    "deposed": [],
                    "provider": "provider.digitalocean"
                },
                "null_resource.ansible-provision": {
                    "type": "null_resource",
                    "depends_on": [
                        "digitalocean_droplet.mongo-test1",
                        "digitalocean_droplet.mongo-test2",
                        "digitalocean_droplet.mongo-test3"
                    ],
                    "primary": {
                        "id": "4436305267227552556",
                        "attributes": {
                            "id": "4436305267227552556"
                        },
                        "meta": {},
                        "tainted": false
                    },
                    "deposed": [],
                    "provider": "provider.null"
                }
            },
            "depends_on": []
        }
    ]
}
